
Microsoft Visual Studio Solution File, Format Version 12.00
# Visual Studio Version 17
VisualStudioVersion = 17.0.31903.59
MinimumVisualStudioVersion = 10.0.40219.1
Project("{9A19103F-16F7-4668-BE54-9A1E7A4F7556}") = "screensound", "ScreenSound\screensound.csproj", "{A9CCE41C-6657-42BF-AED4-F3F578033037}"
EndProject
Project("{FAE04EC0-301F-11D3-BF4B-00C04F79EFBC}") = "screensound.test", "screensound.test\screensound.test.csproj", "{CF36EFF8-30C9-418A-88A3-73DB34DB49BF}"
EndProject
Project("{FAE04EC0-301F-11D3-BF4B-00C04F79EFBC}") = "screensound.api", "screensound.api\screensound.api.csproj", "{F7DBE3A2-237A-4E9E-B612-F1A003B8FAE3}"
EndProject
Project("{FAE04EC0-301F-11D3-BF4B-00C04F79EFBC}") = "screensound.core.models", "screensound.core.models\screensound.core.models.csproj", "{D44F6F0F-EFD2-4BCD-AFC6-40F25C4ED7A5}"
EndProject
Project("{FAE04EC0-301F-11D3-BF4B-00C04F79EFBC}") = "screensound.core.data", "screensound.core.data\screensound.core.data.csproj", "{A878DBF1-4267-4CD5-ACD0-02E01588073D}"
EndProject
Global
	GlobalSection(SolutionConfigurationPlatforms) = preSolution
		Debug|Any CPU = Debug|Any CPU
		Release|Any CPU = Release|Any CPU
	EndGlobalSection
	GlobalSection(ProjectConfigurationPlatforms) = postSolution
		{A9CCE41C-6657-42BF-AED4-F3F578033037}.Debug|Any CPU.ActiveCfg = Debug|Any CPU
		{A9CCE41C-6657-42BF-AED4-F3F578033037}.Debug|Any CPU.Build.0 = Debug|Any CPU
		{A9CCE41C-6657-42BF-AED4-F3F578033037}.Release|Any CPU.ActiveCfg = Release|Any CPU
		{A9CCE41C-6657-42BF-AED4-F3F578033037}.Release|Any CPU.Build.0 = Release|Any CPU
		{CF36EFF8-30C9-418A-88A3-73DB34DB49BF}.Debug|Any CPU.ActiveCfg = Debug|Any CPU
		{CF36EFF8-30C9-418A-88A3-73DB34DB49BF}.Debug|Any CPU.Build.0 = Debug|Any CPU
		{CF36EFF8-30C9-418A-88A3-73DB34DB49BF}.Release|Any CPU.ActiveCfg = Release|Any CPU
		{CF36EFF8-30C9-418A-88A3-73DB34DB49BF}.Release|Any CPU.Build.0 = Release|Any CPU
		{F7DBE3A2-237A-4E9E-B612-F1A003B8FAE3}.Debug|Any CPU.ActiveCfg = Debug|Any CPU
		{F7DBE3A2-237A-4E9E-B612-F1A003B8FAE3}.Debug|Any CPU.Build.0 = Debug|Any CPU
		{F7DBE3A2-237A-4E9E-B612-F1A003B8FAE3}.Release|Any CPU.ActiveCfg = Release|Any CPU
		{F7DBE3A2-237A-4E9E-B612-F1A003B8FAE3}.Release|Any CPU.Build.0 = Release|Any CPU
		{D44F6F0F-EFD2-4BCD-AFC6-40F25C4ED7A5}.Debug|Any CPU.ActiveCfg = Debug|Any CPU
		{D44F6F0F-EFD2-4BCD-AFC6-40F25C4ED7A5}.Debug|Any CPU.Build.0 = Debug|Any CPU
		{D44F6F0F-EFD2-4BCD-AFC6-40F25C4ED7A5}.Release|Any CPU.ActiveCfg = Release|Any CPU
		{D44F6F0F-EFD2-4BCD-AFC6-40F25C4ED7A5}.Release|Any CPU.Build.0 = Release|Any CPU
		{A878DBF1-4267-4CD5-ACD0-02E01588073D}.Debug|Any CPU.ActiveCfg = Debug|Any CPU
		{A878DBF1-4267-4CD5-ACD0-02E01588073D}.Debug|Any CPU.Build.0 = Debug|Any CPU
		{A878DBF1-4267-4CD5-ACD0-02E01588073D}.Release|Any CPU.ActiveCfg = Release|Any CPU
		{A878DBF1-4267-4CD5-ACD0-02E01588073D}.Release|Any CPU.Build.0 = Release|Any CPU
	EndGlobalSection
	GlobalSection(SolutionProperties) = preSolution
		HideSolutionNode = FALSE
	EndGlobalSection
	GlobalSection(ExtensibilityGlobals) = postSolution
		SolutionGuid = {DAEF62AC-C707-4EAF-88AC-025FB9B35A02}
	EndGlobalSection
EndGlobal
